
Microsoft Visual Studio Solution File, Format Version 12.00
# Visual Studio Version 17
VisualStudioVersion = 17.3.32819.101
MinimumVisualStudioVersion = 10.0.40219.1
Project("{FAE04EC0-301F-11D3-BF4B-00C04F79EFBC}") = "Calend", "Calend\Calend.csproj", "{31DF1F04-EA31-4401-A547-6EB26EFCA33B}"
EndProject
Global
	GlobalSection(SolutionConfigurationPlatforms) = preSolution
		Debug|Any CPU = Debug|Any CPU
		Release|Any CPU = Release|Any CPU
	EndGlobalSection
	GlobalSection(ProjectConfigurationPlatforms) = postSolution
		{31DF1F04-EA31-4401-A547-6EB26EFCA33B}.Debug|Any CPU.ActiveCfg = Debug|Any CPU
		{31DF1F04-EA31-4401-A547-6EB26EFCA33B}.Debug|Any CPU.Build.0 = Debug|Any CPU
		{31DF1F04-EA31-4401-A547-6EB26EFCA33B}.Release|Any CPU.ActiveCfg = Release|Any CPU
		{31DF1F04-EA31-4401-A547-6EB26EFCA33B}.Release|Any CPU.Build.0 = Release|Any CPU
	EndGlobalSection
	GlobalSection(SolutionProperties) = preSolution
		HideSolutionNode = FALSE
	EndGlobalSection
	GlobalSection(ExtensibilityGlobals) = postSolution
		SolutionGuid = {254085EA-4B34-48F3-9889-2724586B715A}
	EndGlobalSection
EndGlobal
